Microsoft Visual Studio Solution File, Format Version 12.00
# Visual Studio Version 17
VisualStudioVersion = 17.10.35201.131
MinimumVisualStudioVersion = 10.0.40219.1
Project("{9A19103F-16F7-4668-BE54-9A1E7A4F7556}") = "KonvergenceCore", "KonvergenceCore\KonvergenceCore.csproj", "{78225E76-A6E7-4185-A4BD-7F6D3FA95E2F}"
EndProject
Project("{FAE04EC0-301F-11D3-BF4B-00C04F79EFBC}") = "MigrationMySql", "MigrationMySql\MigrationMySql.csproj", "{10EEA74E-F255-4A54-AF9F-14459C7F5387}"
EndProject
Project("{9A19103F-16F7-4668-BE54-9A1E7A4F7556}") = "WuicOData", "WuicOData\WuicOData.csproj", "{83613E3F-4CD4-42A6-BCFE-B3B7497172E8}"
EndProject
Project("{9A19103F-16F7-4668-BE54-9A1E7A4F7556}") = "Wuic.Webcore", "Wuic.Webcore\Wuic.Webcore.csproj", "{86FA3215-979E-4310-B1F7-CFC5B44D48FB}"
EndProject
Project("{9A19103F-16F7-4668-BE54-9A1E7A4F7556}") = "Lokad.ILPack", "ILPack-master\src\Lokad.ILPack.csproj", "{FCA809BA-EE1F-458F-AD16-56C57E2A39C1}"
EndProject
Project("{9A19103F-16F7-4668-BE54-9A1E7A4F7556}") = "RuntimeEfCore", "RuntimeEfCore\RuntimeEfCore.csproj", "{FC8D80B3-5328-4757-9B8D-BAD5A127BFF7}"
EndProject
Global
	GlobalSection(SolutionConfigurationPlatforms) = preSolution
		CD_ROM|Any CPU = CD_ROM|Any CPU
		CD_ROM|Mixed Platforms = CD_ROM|Mixed Platforms
		CD_ROM|x64 = CD_ROM|x64
		CD_ROM|x86 = CD_ROM|x86
		Cover|Any CPU = Cover|Any CPU
		Cover|Mixed Platforms = Cover|Mixed Platforms
		Cover|x64 = Cover|x64
		Cover|x86 = Cover|x86
		Debug_Froyo|Any CPU = Debug_Froyo|Any CPU
		Debug_Froyo|Mixed Platforms = Debug_Froyo|Mixed Platforms
		Debug_Froyo|x64 = Debug_Froyo|x64
		Debug_Froyo|x86 = Debug_Froyo|x86
		Debug|Any CPU = Debug|Any CPU
		Debug|Mixed Platforms = Debug|Mixed Platforms
		Debug|x64 = Debug|x64
		Debug|x86 = Debug|x86
		DebugMobile|Any CPU = DebugMobile|Any CPU
		DebugMobile|Mixed Platforms = DebugMobile|Mixed Platforms
		DebugMobile|x64 = DebugMobile|x64
		DebugMobile|x86 = DebugMobile|x86
		Demo|Any CPU = Demo|Any CPU
		Demo|Mixed Platforms = Demo|Mixed Platforms
		Demo|x64 = Demo|x64
		Demo|x86 = Demo|x86
		DVD-5|Any CPU = DVD-5|Any CPU
		DVD-5|Mixed Platforms = DVD-5|Mixed Platforms
		DVD-5|x64 = DVD-5|x64
		DVD-5|x86 = DVD-5|x86
		Release|Any CPU = Release|Any CPU
		Release|Mixed Platforms = Release|Mixed Platforms
		Release|x64 = Release|x64
		Release|x86 = Release|x86
		ReleaseMobile|Any CPU = ReleaseMobile|Any CPU
		ReleaseMobile|Mixed Platforms = ReleaseMobile|Mixed Platforms
		ReleaseMobile|x64 = ReleaseMobile|x64
		ReleaseMobile|x86 = ReleaseMobile|x86
		SingleImage|Any CPU = SingleImage|Any CPU
		SingleImage|Mixed Platforms = SingleImage|Mixed Platforms
		SingleImage|x64 = SingleImage|x64
		SingleImage|x86 = SingleImage|x86
	EndGlobalSection
	GlobalSection(ProjectConfigurationPlatforms) = postSolution
		{78225E76-A6E7-4185-A4BD-7F6D3FA95E2F}.CD_ROM|Any CPU.ActiveCfg = Debug|Any CPU
		{78225E76-A6E7-4185-A4BD-7F6D3FA95E2F}.CD_ROM|Any CPU.Build.0 = Debug|Any CPU
		{78225E76-A6E7-4185-A4BD-7F6D3FA95E2F}.CD_ROM|Mixed Platforms.ActiveCfg = Debug|Any CPU
		{78225E76-A6E7-4185-A4BD-7F6D3FA95E2F}.CD_ROM|Mixed Platforms.Build.0 = Debug|Any CPU
		{78225E76-A6E7-4185-A4BD-7F6D3FA95E2F}.CD_ROM|x64.ActiveCfg = Debug|Any CPU
		{78225E76-A6E7-4185-A4BD-7F6D3FA95E2F}.CD_ROM|x64.Build.0 = Debug|Any CPU
		{78225E76-A6E7-4185-A4BD-7F6D3FA95E2F}.CD_ROM|x86.ActiveCfg = Debug|Any CPU
		{78225E76-A6E7-4185-A4BD-7F6D3FA95E2F}.CD_ROM|x86.Build.0 = Debug|Any CPU
		{78225E76-A6E7-4185-A4BD-7F6D3FA95E2F}.Cover|Any CPU.ActiveCfg = Debug|Any CPU
		{78225E76-A6E7-4185-A4BD-7F6D3FA95E2F}.Cover|Any CPU.Build.0 = Debug|Any CPU
		{78225E76-A6E7-4185-A4BD-7F6D3FA95E2F}.Cover|Mixed Platforms.ActiveCfg = Debug|Any CPU
		{78225E76-A6E7-4185-A4BD-7F6D3FA95E2F}.Cover|Mixed Platforms.Build.0 = Debug|Any CPU
		{78225E76-A6E7-4185-A4BD-7F6D3FA95E2F}.Cover|x64.ActiveCfg = Debug|Any CPU
		{78225E76-A6E7-4185-A4BD-7F6D3FA95E2F}.Cover|x64.Build.0 = Debug|Any CPU
		{78225E76-A6E7-4185-A4BD-7F6D3FA95E2F}.Cover|x86.ActiveCfg = Debug|Any CPU
		{78225E76-A6E7-4185-A4BD-7F6D3FA95E2F}.Cover|x86.Build.0 = Debug|Any CPU
		{78225E76-A6E7-4185-A4BD-7F6D3FA95E2F}.Debug_Froyo|Any CPU.ActiveCfg = Debug|Any CPU
		{78225E76-A6E7-4185-A4BD-7F6D3FA95E2F}.Debug_Froyo|Any CPU.Build.0 = Debug|Any CPU
		{78225E76-A6E7-4185-A4BD-7F6D3FA95E2F}.Debug_Froyo|Mixed Platforms.ActiveCfg = Debug|Any CPU
		{78225E76-A6E7-4185-A4BD-7F6D3FA95E2F}.Debug_Froyo|Mixed Platforms.Build.0 = Debug|Any CPU
		{78225E76-A6E7-4185-A4BD-7F6D3FA95E2F}.Debug_Froyo|x64.ActiveCfg = Debug|Any CPU
		{78225E76-A6E7-4185-A4BD-7F6D3FA95E2F}.Debug_Froyo|x64.Build.0 = Debug|Any CPU
		{78225E76-A6E7-4185-A4BD-7F6D3FA95E2F}.Debug_Froyo|x86.ActiveCfg = Debug|Any CPU
		{78225E76-A6E7-4185-A4BD-7F6D3FA95E2F}.Debug_Froyo|x86.Build.0 = Debug|Any CPU
		{78225E76-A6E7-4185-A4BD-7F6D3FA95E2F}.Debug|Any CPU.ActiveCfg = Debug|Any CPU
		{78225E76-A6E7-4185-A4BD-7F6D3FA95E2F}.Debug|Any CPU.Build.0 = Debug|Any CPU
		{78225E76-A6E7-4185-A4BD-7F6D3FA95E2F}.Debug|Mixed Platforms.ActiveCfg = Debug|Any CPU
		{78225E76-A6E7-4185-A4BD-7F6D3FA95E2F}.Debug|Mixed Platforms.Build.0 = Debug|Any CPU
		{78225E76-A6E7-4185-A4BD-7F6D3FA95E2F}.Debug|x64.ActiveCfg = Debug|Any CPU
		{78225E76-A6E7-4185-A4BD-7F6D3FA95E2F}.Debug|x64.Build.0 = Debug|Any CPU
		{78225E76-A6E7-4185-A4BD-7F6D3FA95E2F}.Debug|x86.ActiveCfg = Debug|Any CPU
		{78225E76-A6E7-4185-A4BD-7F6D3FA95E2F}.Debug|x86.Build.0 = Debug|Any CPU
		{78225E76-A6E7-4185-A4BD-7F6D3FA95E2F}.DebugMobile|Any CPU.ActiveCfg = Debug|Any CPU
		{78225E76-A6E7-4185-A4BD-7F6D3FA95E2F}.DebugMobile|Any CPU.Build.0 = Debug|Any CPU
		{78225E76-A6E7-4185-A4BD-7F6D3FA95E2F}.DebugMobile|Mixed Platforms.ActiveCfg = Debug|Any CPU
		{78225E76-A6E7-4185-A4BD-7F6D3FA95E2F}.DebugMobile|Mixed Platforms.Build.0 = Debug|Any CPU
		{78225E76-A6E7-4185-A4BD-7F6D3FA95E2F}.DebugMobile|x64.ActiveCfg = Debug|Any CPU
		{78225E76-A6E7-4185-A4BD-7F6D3FA95E2F}.DebugMobile|x64.Build.0 = Debug|Any CPU
		{78225E76-A6E7-4185-A4BD-7F6D3FA95E2F}.DebugMobile|x86.ActiveCfg = Debug|Any CPU
		{78225E76-A6E7-4185-A4BD-7F6D3FA95E2F}.DebugMobile|x86.Build.0 = Debug|Any CPU
		{78225E76-A6E7-4185-A4BD-7F6D3FA95E2F}.Demo|Any CPU.ActiveCfg = Debug|Any CPU
		{78225E76-A6E7-4185-A4BD-7F6D3FA95E2F}.Demo|Any CPU.Build.0 = Debug|Any CPU
		{78225E76-A6E7-4185-A4BD-7F6D3FA95E2F}.Demo|Mixed Platforms.ActiveCfg = Debug|Any CPU
		{78225E76-A6E7-4185-A4BD-7F6D3FA95E2F}.Demo|Mixed Platforms.Build.0 = Debug|Any CPU
		{78225E76-A6E7-4185-A4BD-7F6D3FA95E2F}.Demo|x64.ActiveCfg = Debug|Any CPU
		{78225E76-A6E7-4185-A4BD-7F6D3FA95E2F}.Demo|x64.Build.0 = Debug|Any CPU
		{78225E76-A6E7-4185-A4BD-7F6D3FA95E2F}.Demo|x86.ActiveCfg = Debug|Any CPU
		{78225E76-A6E7-4185-A4BD-7F6D3FA95E2F}.Demo|x86.Build.0 = Debug|Any CPU
		{78225E76-A6E7-4185-A4BD-7F6D3FA95E2F}.DVD-5|Any CPU.ActiveCfg = Debug|Any CPU
		{78225E76-A6E7-4185-A4BD-7F6D3FA95E2F}.DVD-5|Any CPU.Build.0 = Debug|Any CPU
		{78225E76-A6E7-4185-A4BD-7F6D3FA95E2F}.DVD-5|Mixed Platforms.ActiveCfg = Debug|Any CPU
		{78225E76-A6E7-4185-A4BD-7F6D3FA95E2F}.DVD-5|Mixed Platforms.Build.0 = Debug|Any CPU
		{78225E76-A6E7-4185-A4BD-7F6D3FA95E2F}.DVD-5|x64.ActiveCfg = Debug|Any CPU
		{78225E76-A6E7-4185-A4BD-7F6D3FA95E2F}.DVD-5|x64.Build.0 = Debug|Any CPU
		{78225E76-A6E7-4185-A4BD-7F6D3FA95E2F}.DVD-5|x86.ActiveCfg = Debug|Any CPU
		{78225E76-A6E7-4185-A4BD-7F6D3FA95E2F}.DVD-5|x86.Build.0 = Debug|Any CPU
		{78225E76-A6E7-4185-A4BD-7F6D3FA95E2F}.Release|Any CPU.ActiveCfg = Release|Any CPU
		{78225E76-A6E7-4185-A4BD-7F6D3FA95E2F}.Release|Any CPU.Build.0 = Release|Any CPU
		{78225E76-A6E7-4185-A4BD-7F6D3FA95E2F}.Release|Mixed Platforms.ActiveCfg = Release|Any CPU
		{78225E76-A6E7-4185-A4BD-7F6D3FA95E2F}.Release|Mixed Platforms.Build.0 = Release|Any CPU
		{78225E76-A6E7-4185-A4BD-7F6D3FA95E2F}.Release|x64.ActiveCfg = Release|Any CPU
		{78225E76-A6E7-4185-A4BD-7F6D3FA95E2F}.Release|x64.Build.0 = Release|Any CPU
		{78225E76-A6E7-4185-A4BD-7F6D3FA95E2F}.Release|x86.ActiveCfg = Release|Any CPU
		{78225E76-A6E7-4185-A4BD-7F6D3FA95E2F}.Release|x86.Build.0 = Release|Any CPU
		{78225E76-A6E7-4185-A4BD-7F6D3FA95E2F}.ReleaseMobile|Any CPU.ActiveCfg = Release|Any CPU
		{78225E76-A6E7-4185-A4BD-7F6D3FA95E2F}.ReleaseMobile|Any CPU.Build.0 = Release|Any CPU
		{78225E76-A6E7-4185-A4BD-7F6D3FA95E2F}.ReleaseMobile|Mixed Platforms.ActiveCfg = Release|Any CPU
		{78225E76-A6E7-4185-A4BD-7F6D3FA95E2F}.ReleaseMobile|Mixed Platforms.Build.0 = Release|Any CPU
		{78225E76-A6E7-4185-A4BD-7F6D3FA95E2F}.ReleaseMobile|x64.ActiveCfg = Release|Any CPU
		{78225E76-A6E7-4185-A4BD-7F6D3FA95E2F}.ReleaseMobile|x64.Build.0 = Release|Any CPU
		{78225E76-A6E7-4185-A4BD-7F6D3FA95E2F}.ReleaseMobile|x86.ActiveCfg = Release|Any CPU
		{78225E76-A6E7-4185-A4BD-7F6D3FA95E2F}.ReleaseMobile|x86.Build.0 = Release|Any CPU
		{78225E76-A6E7-4185-A4BD-7F6D3FA95E2F}.SingleImage|Any CPU.ActiveCfg = Debug|Any CPU
		{78225E76-A6E7-4185-A4BD-7F6D3FA95E2F}.SingleImage|Any CPU.Build.0 = Debug|Any CPU
		{78225E76-A6E7-4185-A4BD-7F6D3FA95E2F}.SingleImage|Mixed Platforms.ActiveCfg = Debug|Any CPU
		{78225E76-A6E7-4185-A4BD-7F6D3FA95E2F}.SingleImage|Mixed Platforms.Build.0 = Debug|Any CPU
		{78225E76-A6E7-4185-A4BD-7F6D3FA95E2F}.SingleImage|x64.ActiveCfg = Debug|Any CPU
		{78225E76-A6E7-4185-A4BD-7F6D3FA95E2F}.SingleImage|x64.Build.0 = Debug|Any CPU
		{78225E76-A6E7-4185-A4BD-7F6D3FA95E2F}.SingleImage|x86.ActiveCfg = Debug|Any CPU
		{78225E76-A6E7-4185-A4BD-7F6D3FA95E2F}.SingleImage|x86.Build.0 = Debug|Any CPU
		{10EEA74E-F255-4A54-AF9F-14459C7F5387}.CD_ROM|Any CPU.ActiveCfg = Release|Any CPU
		{10EEA74E-F255-4A54-AF9F-14459C7F5387}.CD_ROM|Any CPU.Build.0 = Release|Any CPU
		{10EEA74E-F255-4A54-AF9F-14459C7F5387}.CD_ROM|Mixed Platforms.ActiveCfg = Release|Any CPU
		{10EEA74E-F255-4A54-AF9F-14459C7F5387}.CD_ROM|Mixed Platforms.Build.0 = Release|Any CPU
		{10EEA74E-F255-4A54-AF9F-14459C7F5387}.CD_ROM|x64.ActiveCfg = Release|Any CPU
		{10EEA74E-F255-4A54-AF9F-14459C7F5387}.CD_ROM|x64.Build.0 = Release|Any CPU
		{10EEA74E-F255-4A54-AF9F-14459C7F5387}.CD_ROM|x86.ActiveCfg = Release|Any CPU
		{10EEA74E-F255-4A54-AF9F-14459C7F5387}.CD_ROM|x86.Build.0 = Release|Any CPU
		{10EEA74E-F255-4A54-AF9F-14459C7F5387}.Cover|Any CPU.ActiveCfg = Release|Any CPU
		{10EEA74E-F255-4A54-AF9F-14459C7F5387}.Cover|Any CPU.Build.0 = Release|Any CPU
		{10EEA74E-F255-4A54-AF9F-14459C7F5387}.Cover|Mixed Platforms.ActiveCfg = Release|Any CPU
		{10EEA74E-F255-4A54-AF9F-14459C7F5387}.Cover|Mixed Platforms.Build.0 = Release|Any CPU
		{10EEA74E-F255-4A54-AF9F-14459C7F5387}.Cover|x64.ActiveCfg = Release|Any CPU
		{10EEA74E-F255-4A54-AF9F-14459C7F5387}.Cover|x64.Build.0 = Release|Any CPU
		{10EEA74E-F255-4A54-AF9F-14459C7F5387}.Cover|x86.ActiveCfg = Release|Any CPU
		{10EEA74E-F255-4A54-AF9F-14459C7F5387}.Cover|x86.Build.0 = Release|Any CPU
		{10EEA74E-F255-4A54-AF9F-14459C7F5387}.Debug_Froyo|Any CPU.ActiveCfg = Debug|Any CPU
		{10EEA74E-F255-4A54-AF9F-14459C7F5387}.Debug_Froyo|Any CPU.Build.0 = Debug|Any CPU
		{10EEA74E-F255-4A54-AF9F-14459C7F5387}.Debug_Froyo|Mixed Platforms.ActiveCfg = Debug|Any CPU
		{10EEA74E-F255-4A54-AF9F-14459C7F5387}.Debug_Froyo|Mixed Platforms.Build.0 = Debug|Any CPU
		{10EEA74E-F255-4A54-AF9F-14459C7F5387}.Debug_Froyo|x64.ActiveCfg = Debug|Any CPU
		{10EEA74E-F255-4A54-AF9F-14459C7F5387}.Debug_Froyo|x64.Build.0 = Debug|Any CPU
		{10EEA74E-F255-4A54-AF9F-14459C7F5387}.Debug_Froyo|x86.ActiveCfg = Debug|Any CPU
		{10EEA74E-F255-4A54-AF9F-14459C7F5387}.Debug_Froyo|x86.Build.0 = Debug|Any CPU
		{10EEA74E-F255-4A54-AF9F-14459C7F5387}.Debug|Any CPU.ActiveCfg = Debug|Any CPU
		{10EEA74E-F255-4A54-AF9F-14459C7F5387}.Debug|Any CPU.Build.0 = Debug|Any CPU
		{10EEA74E-F255-4A54-AF9F-14459C7F5387}.Debug|Mixed Platforms.ActiveCfg = Debug|Any CPU
		{10EEA74E-F255-4A54-AF9F-14459C7F5387}.Debug|Mixed Platforms.Build.0 = Debug|Any CPU
		{10EEA74E-F255-4A54-AF9F-14459C7F5387}.Debug|x64.ActiveCfg = Debug|Any CPU
		{10EEA74E-F255-4A54-AF9F-14459C7F5387}.Debug|x64.Build.0 = Debug|Any CPU
		{10EEA74E-F255-4A54-AF9F-14459C7F5387}.Debug|x86.ActiveCfg = Debug|Any CPU
		{10EEA74E-F255-4A54-AF9F-14459C7F5387}.Debug|x86.Build.0 = Debug|Any CPU
		{10EEA74E-F255-4A54-AF9F-14459C7F5387}.DebugMobile|Any CPU.ActiveCfg = Debug|Any CPU
		{10EEA74E-F255-4A54-AF9F-14459C7F5387}.DebugMobile|Any CPU.Build.0 = Debug|Any CPU
		{10EEA74E-F255-4A54-AF9F-14459C7F5387}.DebugMobile|Mixed Platforms.ActiveCfg = Debug|Any CPU
		{10EEA74E-F255-4A54-AF9F-14459C7F5387}.DebugMobile|Mixed Platforms.Build.0 = Debug|Any CPU
		{10EEA74E-F255-4A54-AF9F-14459C7F5387}.DebugMobile|x64.ActiveCfg = Debug|Any CPU
		{10EEA74E-F255-4A54-AF9F-14459C7F5387}.DebugMobile|x64.Build.0 = Debug|Any CPU
		{10EEA74E-F255-4A54-AF9F-14459C7F5387}.DebugMobile|x86.ActiveCfg = Debug|Any CPU
		{10EEA74E-F255-4A54-AF9F-14459C7F5387}.DebugMobile|x86.Build.0 = Debug|Any CPU
		{10EEA74E-F255-4A54-AF9F-14459C7F5387}.Demo|Any CPU.ActiveCfg = Debug|Any CPU
		{10EEA74E-F255-4A54-AF9F-14459C7F5387}.Demo|Any CPU.Build.0 = Debug|Any CPU
		{10EEA74E-F255-4A54-AF9F-14459C7F5387}.Demo|Mixed Platforms.ActiveCfg = Debug|Any CPU
		{10EEA74E-F255-4A54-AF9F-14459C7F5387}.Demo|Mixed Platforms.Build.0 = Debug|Any CPU
		{10EEA74E-F255-4A54-AF9F-14459C7F5387}.Demo|x64.ActiveCfg = Debug|Any CPU
		{10EEA74E-F255-4A54-AF9F-14459C7F5387}.Demo|x64.Build.0 = Debug|Any CPU
		{10EEA74E-F255-4A54-AF9F-14459C7F5387}.Demo|x86.ActiveCfg = Debug|Any CPU
		{10EEA74E-F255-4A54-AF9F-14459C7F5387}.Demo|x86.Build.0 = Debug|Any CPU
		{10EEA74E-F255-4A54-AF9F-14459C7F5387}.DVD-5|Any CPU.ActiveCfg = Debug|Any CPU
		{10EEA74E-F255-4A54-AF9F-14459C7F5387}.DVD-5|Any CPU.Build.0 = Debug|Any CPU
		{10EEA74E-F255-4A54-AF9F-14459C7F5387}.DVD-5|Mixed Platforms.ActiveCfg = Debug|Any CPU
		{10EEA74E-F255-4A54-AF9F-14459C7F5387}.DVD-5|Mixed Platforms.Build.0 = Debug|Any CPU
		{10EEA74E-F255-4A54-AF9F-14459C7F5387}.DVD-5|x64.ActiveCfg = Debug|Any CPU
		{10EEA74E-F255-4A54-AF9F-14459C7F5387}.DVD-5|x64.Build.0 = Debug|Any CPU
		{10EEA74E-F255-4A54-AF9F-14459C7F5387}.DVD-5|x86.ActiveCfg = Debug|Any CPU
		{10EEA74E-F255-4A54-AF9F-14459C7F5387}.DVD-5|x86.Build.0 = Debug|Any CPU
		{10EEA74E-F255-4A54-AF9F-14459C7F5387}.Release|Any CPU.ActiveCfg = Release|Any CPU
		{10EEA74E-F255-4A54-AF9F-14459C7F5387}.Release|Any CPU.Build.0 = Release|Any CPU
		{10EEA74E-F255-4A54-AF9F-14459C7F5387}.Release|Mixed Platforms.ActiveCfg = Release|Any CPU
		{10EEA74E-F255-4A54-AF9F-14459C7F5387}.Release|Mixed Platforms.Build.0 = Release|Any CPU
		{10EEA74E-F255-4A54-AF9F-14459C7F5387}.Release|x64.ActiveCfg = Release|Any CPU
		{10EEA74E-F255-4A54-AF9F-14459C7F5387}.Release|x64.Build.0 = Release|Any CPU
		{10EEA74E-F255-4A54-AF9F-14459C7F5387}.Release|x86.ActiveCfg = Release|Any CPU
		{10EEA74E-F255-4A54-AF9F-14459C7F5387}.Release|x86.Build.0 = Release|Any CPU
		{10EEA74E-F255-4A54-AF9F-14459C7F5387}.ReleaseMobile|Any CPU.ActiveCfg = Release|Any CPU
		{10EEA74E-F255-4A54-AF9F-14459C7F5387}.ReleaseMobile|Any CPU.Build.0 = Release|Any CPU
		{10EEA74E-F255-4A54-AF9F-14459C7F5387}.ReleaseMobile|Mixed Platforms.ActiveCfg = Release|Any CPU
		{10EEA74E-F255-4A54-AF9F-14459C7F5387}.ReleaseMobile|Mixed Platforms.Build.0 = Release|Any CPU
		{10EEA74E-F255-4A54-AF9F-14459C7F5387}.ReleaseMobile|x64.ActiveCfg = Release|Any CPU
		{10EEA74E-F255-4A54-AF9F-14459C7F5387}.ReleaseMobile|x64.Build.0 = Release|Any CPU
		{10EEA74E-F255-4A54-AF9F-14459C7F5387}.ReleaseMobile|x86.ActiveCfg = Release|Any CPU
		{10EEA74E-F255-4A54-AF9F-14459C7F5387}.ReleaseMobile|x86.Build.0 = Release|Any CPU
		{10EEA74E-F255-4A54-AF9F-14459C7F5387}.SingleImage|Any CPU.ActiveCfg = Release|Any CPU
		{10EEA74E-F255-4A54-AF9F-14459C7F5387}.SingleImage|Any CPU.Build.0 = Release|Any CPU
		{10EEA74E-F255-4A54-AF9F-14459C7F5387}.SingleImage|Mixed Platforms.ActiveCfg = Release|Any CPU
		{10EEA74E-F255-4A54-AF9F-14459C7F5387}.SingleImage|Mixed Platforms.Build.0 = Release|Any CPU
		{10EEA74E-F255-4A54-AF9F-14459C7F5387}.SingleImage|x64.ActiveCfg = Release|Any CPU
		{10EEA74E-F255-4A54-AF9F-14459C7F5387}.SingleImage|x64.Build.0 = Release|Any CPU
		{10EEA74E-F255-4A54-AF9F-14459C7F5387}.SingleImage|x86.ActiveCfg = Release|Any CPU
		{10EEA74E-F255-4A54-AF9F-14459C7F5387}.SingleImage|x86.Build.0 = Release|Any CPU
		{83613E3F-4CD4-42A6-BCFE-B3B7497172E8}.CD_ROM|Any CPU.ActiveCfg = Debug|Any CPU
		{83613E3F-4CD4-42A6-BCFE-B3B7497172E8}.CD_ROM|Any CPU.Build.0 = Debug|Any CPU
		{83613E3F-4CD4-42A6-BCFE-B3B7497172E8}.CD_ROM|Mixed Platforms.ActiveCfg = Debug|Any CPU
		{83613E3F-4CD4-42A6-BCFE-B3B7497172E8}.CD_ROM|Mixed Platforms.Build.0 = Debug|Any CPU
		{83613E3F-4CD4-42A6-BCFE-B3B7497172E8}.CD_ROM|x64.ActiveCfg = Debug|Any CPU
		{83613E3F-4CD4-42A6-BCFE-B3B7497172E8}.CD_ROM|x64.Build.0 = Debug|Any CPU
		{83613E3F-4CD4-42A6-BCFE-B3B7497172E8}.CD_ROM|x86.ActiveCfg = Debug|Any CPU
		{83613E3F-4CD4-42A6-BCFE-B3B7497172E8}.CD_ROM|x86.Build.0 = Debug|Any CPU
		{83613E3F-4CD4-42A6-BCFE-B3B7497172E8}.Cover|Any CPU.ActiveCfg = Debug|Any CPU
		{83613E3F-4CD4-42A6-BCFE-B3B7497172E8}.Cover|Any CPU.Build.0 = Debug|Any CPU
		{83613E3F-4CD4-42A6-BCFE-B3B7497172E8}.Cover|Mixed Platforms.ActiveCfg = Debug|Any CPU
		{83613E3F-4CD4-42A6-BCFE-B3B7497172E8}.Cover|Mixed Platforms.Build.0 = Debug|Any CPU
		{83613E3F-4CD4-42A6-BCFE-B3B7497172E8}.Cover|x64.ActiveCfg = Debug|Any CPU
		{83613E3F-4CD4-42A6-BCFE-B3B7497172E8}.Cover|x64.Build.0 = Debug|Any CPU
		{83613E3F-4CD4-42A6-BCFE-B3B7497172E8}.Cover|x86.ActiveCfg = Debug|Any CPU
		{83613E3F-4CD4-42A6-BCFE-B3B7497172E8}.Cover|x86.Build.0 = Debug|Any CPU
		{83613E3F-4CD4-42A6-BCFE-B3B7497172E8}.Debug_Froyo|Any CPU.ActiveCfg = Debug|Any CPU
		{83613E3F-4CD4-42A6-BCFE-B3B7497172E8}.Debug_Froyo|Any CPU.Build.0 = Debug|Any CPU
		{83613E3F-4CD4-42A6-BCFE-B3B7497172E8}.Debug_Froyo|Mixed Platforms.ActiveCfg = Debug|Any CPU
		{83613E3F-4CD4-42A6-BCFE-B3B7497172E8}.Debug_Froyo|Mixed Platforms.Build.0 = Debug|Any CPU
		{83613E3F-4CD4-42A6-BCFE-B3B7497172E8}.Debug_Froyo|x64.ActiveCfg = Debug|Any CPU
		{83613E3F-4CD4-42A6-BCFE-B3B7497172E8}.Debug_Froyo|x64.Build.0 = Debug|Any CPU
		{83613E3F-4CD4-42A6-BCFE-B3B7497172E8}.Debug_Froyo|x86.ActiveCfg = Debug|Any CPU
		{83613E3F-4CD4-42A6-BCFE-B3B7497172E8}.Debug_Froyo|x86.Build.0 = Debug|Any CPU
		{83613E3F-4CD4-42A6-BCFE-B3B7497172E8}.Debug|Any CPU.ActiveCfg = Debug|Any CPU
		{83613E3F-4CD4-42A6-BCFE-B3B7497172E8}.Debug|Any CPU.Build.0 = Debug|Any CPU
		{83613E3F-4CD4-42A6-BCFE-B3B7497172E8}.Debug|Mixed Platforms.ActiveCfg = Debug|Any CPU
		{83613E3F-4CD4-42A6-BCFE-B3B7497172E8}.Debug|Mixed Platforms.Build.0 = Debug|Any CPU
		{83613E3F-4CD4-42A6-BCFE-B3B7497172E8}.Debug|x64.ActiveCfg = Debug|Any CPU
		{83613E3F-4CD4-42A6-BCFE-B3B7497172E8}.Debug|x64.Build.0 = Debug|Any CPU
		{83613E3F-4CD4-42A6-BCFE-B3B7497172E8}.Debug|x86.ActiveCfg = Debug|Any CPU
		{83613E3F-4CD4-42A6-BCFE-B3B7497172E8}.Debug|x86.Build.0 = Debug|Any CPU
		{83613E3F-4CD4-42A6-BCFE-B3B7497172E8}.DebugMobile|Any CPU.ActiveCfg = Debug|Any CPU
		{83613E3F-4CD4-42A6-BCFE-B3B7497172E8}.DebugMobile|Any CPU.Build.0 = Debug|Any CPU
		{83613E3F-4CD4-42A6-BCFE-B3B7497172E8}.DebugMobile|Mixed Platforms.ActiveCfg = Debug|Any CPU
		{83613E3F-4CD4-42A6-BCFE-B3B7497172E8}.DebugMobile|Mixed Platforms.Build.0 = Debug|Any CPU
		{83613E3F-4CD4-42A6-BCFE-B3B7497172E8}.DebugMobile|x64.ActiveCfg = Debug|Any CPU
		{83613E3F-4CD4-42A6-BCFE-B3B7497172E8}.DebugMobile|x64.Build.0 = Debug|Any CPU
		{83613E3F-4CD4-42A6-BCFE-B3B7497172E8}.DebugMobile|x86.ActiveCfg = Debug|Any CPU
		{83613E3F-4CD4-42A6-BCFE-B3B7497172E8}.DebugMobile|x86.Build.0 = Debug|Any CPU
		{83613E3F-4CD4-42A6-BCFE-B3B7497172E8}.Demo|Any CPU.ActiveCfg = Debug|Any CPU
		{83613E3F-4CD4-42A6-BCFE-B3B7497172E8}.Demo|Any CPU.Build.0 = Debug|Any CPU
		{83613E3F-4CD4-42A6-BCFE-B3B7497172E8}.Demo|Mixed Platforms.ActiveCfg = Debug|Any CPU
		{83613E3F-4CD4-42A6-BCFE-B3B7497172E8}.Demo|Mixed Platforms.Build.0 = Debug|Any CPU
		{83613E3F-4CD4-42A6-BCFE-B3B7497172E8}.Demo|x64.ActiveCfg = Debug|Any CPU
		{83613E3F-4CD4-42A6-BCFE-B3B7497172E8}.Demo|x64.Build.0 = Debug|Any CPU
		{83613E3F-4CD4-42A6-BCFE-B3B7497172E8}.Demo|x86.ActiveCfg = Debug|Any CPU
		{83613E3F-4CD4-42A6-BCFE-B3B7497172E8}.Demo|x86.Build.0 = Debug|Any CPU
		{83613E3F-4CD4-42A6-BCFE-B3B7497172E8}.DVD-5|Any CPU.ActiveCfg = Debug|Any CPU
		{83613E3F-4CD4-42A6-BCFE-B3B7497172E8}.DVD-5|Any CPU.Build.0 = Debug|Any CPU
		{83613E3F-4CD4-42A6-BCFE-B3B7497172E8}.DVD-5|Mixed Platforms.ActiveCfg = Debug|Any CPU
		{83613E3F-4CD4-42A6-BCFE-B3B7497172E8}.DVD-5|Mixed Platforms.Build.0 = Debug|Any CPU
		{83613E3F-4CD4-42A6-BCFE-B3B7497172E8}.DVD-5|x64.ActiveCfg = Debug|Any CPU
		{83613E3F-4CD4-42A6-BCFE-B3B7497172E8}.DVD-5|x64.Build.0 = Debug|Any CPU
		{83613E3F-4CD4-42A6-BCFE-B3B7497172E8}.DVD-5|x86.ActiveCfg = Debug|Any CPU
		{83613E3F-4CD4-42A6-BCFE-B3B7497172E8}.DVD-5|x86.Build.0 = Debug|Any CPU
		{83613E3F-4CD4-42A6-BCFE-B3B7497172E8}.Release|Any CPU.ActiveCfg = Release|Any CPU
		{83613E3F-4CD4-42A6-BCFE-B3B7497172E8}.Release|Any CPU.Build.0 = Release|Any CPU
		{83613E3F-4CD4-42A6-BCFE-B3B7497172E8}.Release|Mixed Platforms.ActiveCfg = Release|Any CPU
		{83613E3F-4CD4-42A6-BCFE-B3B7497172E8}.Release|Mixed Platforms.Build.0 = Release|Any CPU
		{83613E3F-4CD4-42A6-BCFE-B3B7497172E8}.Release|x64.ActiveCfg = Release|Any CPU
		{83613E3F-4CD4-42A6-BCFE-B3B7497172E8}.Release|x64.Build.0 = Release|Any CPU
		{83613E3F-4CD4-42A6-BCFE-B3B7497172E8}.Release|x86.ActiveCfg = Release|Any CPU
		{83613E3F-4CD4-42A6-BCFE-B3B7497172E8}.Release|x86.Build.0 = Release|Any CPU
		{83613E3F-4CD4-42A6-BCFE-B3B7497172E8}.ReleaseMobile|Any CPU.ActiveCfg = Release|Any CPU
		{83613E3F-4CD4-42A6-BCFE-B3B7497172E8}.ReleaseMobile|Any CPU.Build.0 = Release|Any CPU
		{83613E3F-4CD4-42A6-BCFE-B3B7497172E8}.ReleaseMobile|Mixed Platforms.ActiveCfg = Release|Any CPU
		{83613E3F-4CD4-42A6-BCFE-B3B7497172E8}.ReleaseMobile|Mixed Platforms.Build.0 = Release|Any CPU
		{83613E3F-4CD4-42A6-BCFE-B3B7497172E8}.ReleaseMobile|x64.ActiveCfg = Release|Any CPU
		{83613E3F-4CD4-42A6-BCFE-B3B7497172E8}.ReleaseMobile|x64.Build.0 = Release|Any CPU
		{83613E3F-4CD4-42A6-BCFE-B3B7497172E8}.ReleaseMobile|x86.ActiveCfg = Release|Any CPU
		{83613E3F-4CD4-42A6-BCFE-B3B7497172E8}.ReleaseMobile|x86.Build.0 = Release|Any CPU
		{83613E3F-4CD4-42A6-BCFE-B3B7497172E8}.SingleImage|Any CPU.ActiveCfg = Debug|Any CPU
		{83613E3F-4CD4-42A6-BCFE-B3B7497172E8}.SingleImage|Any CPU.Build.0 = Debug|Any CPU
		{83613E3F-4CD4-42A6-BCFE-B3B7497172E8}.SingleImage|Mixed Platforms.ActiveCfg = Debug|Any CPU
		{83613E3F-4CD4-42A6-BCFE-B3B7497172E8}.SingleImage|Mixed Platforms.Build.0 = Debug|Any CPU
		{83613E3F-4CD4-42A6-BCFE-B3B7497172E8}.SingleImage|x64.ActiveCfg = Debug|Any CPU
		{83613E3F-4CD4-42A6-BCFE-B3B7497172E8}.SingleImage|x64.Build.0 = Debug|Any CPU
		{83613E3F-4CD4-42A6-BCFE-B3B7497172E8}.SingleImage|x86.ActiveCfg = Debug|Any CPU
		{83613E3F-4CD4-42A6-BCFE-B3B7497172E8}.SingleImage|x86.Build.0 = Debug|Any CPU
		{86FA3215-979E-4310-B1F7-CFC5B44D48FB}.CD_ROM|Any CPU.ActiveCfg = Debug|Any CPU
		{86FA3215-979E-4310-B1F7-CFC5B44D48FB}.CD_ROM|Any CPU.Build.0 = Debug|Any CPU
		{86FA3215-979E-4310-B1F7-CFC5B44D48FB}.CD_ROM|Mixed Platforms.ActiveCfg = Debug|Any CPU
		{86FA3215-979E-4310-B1F7-CFC5B44D48FB}.CD_ROM|Mixed Platforms.Build.0 = Debug|Any CPU
		{86FA3215-979E-4310-B1F7-CFC5B44D48FB}.CD_ROM|x64.ActiveCfg = Debug|Any CPU
		{86FA3215-979E-4310-B1F7-CFC5B44D48FB}.CD_ROM|x64.Build.0 = Debug|Any CPU
		{86FA3215-979E-4310-B1F7-CFC5B44D48FB}.CD_ROM|x86.ActiveCfg = Debug|Any CPU
		{86FA3215-979E-4310-B1F7-CFC5B44D48FB}.CD_ROM|x86.Build.0 = Debug|Any CPU
		{86FA3215-979E-4310-B1F7-CFC5B44D48FB}.Cover|Any CPU.ActiveCfg = Debug|Any CPU
		{86FA3215-979E-4310-B1F7-CFC5B44D48FB}.Cover|Any CPU.Build.0 = Debug|Any CPU
		{86FA3215-979E-4310-B1F7-CFC5B44D48FB}.Cover|Mixed Platforms.ActiveCfg = Debug|Any CPU
		{86FA3215-979E-4310-B1F7-CFC5B44D48FB}.Cover|Mixed Platforms.Build.0 = Debug|Any CPU
		{86FA3215-979E-4310-B1F7-CFC5B44D48FB}.Cover|x64.ActiveCfg = Debug|Any CPU
		{86FA3215-979E-4310-B1F7-CFC5B44D48FB}.Cover|x64.Build.0 = Debug|Any CPU
		{86FA3215-979E-4310-B1F7-CFC5B44D48FB}.Cover|x86.ActiveCfg = Debug|Any CPU
		{86FA3215-979E-4310-B1F7-CFC5B44D48FB}.Cover|x86.Build.0 = Debug|Any CPU
		{86FA3215-979E-4310-B1F7-CFC5B44D48FB}.Debug_Froyo|Any CPU.ActiveCfg = Debug|Any CPU
		{86FA3215-979E-4310-B1F7-CFC5B44D48FB}.Debug_Froyo|Any CPU.Build.0 = Debug|Any CPU
		{86FA3215-979E-4310-B1F7-CFC5B44D48FB}.Debug_Froyo|Mixed Platforms.ActiveCfg = Debug|Any CPU
		{86FA3215-979E-4310-B1F7-CFC5B44D48FB}.Debug_Froyo|Mixed Platforms.Build.0 = Debug|Any CPU
		{86FA3215-979E-4310-B1F7-CFC5B44D48FB}.Debug_Froyo|x64.ActiveCfg = Debug|Any CPU
		{86FA3215-979E-4310-B1F7-CFC5B44D48FB}.Debug_Froyo|x64.Build.0 = Debug|Any CPU
		{86FA3215-979E-4310-B1F7-CFC5B44D48FB}.Debug_Froyo|x86.ActiveCfg = Debug|Any CPU
		{86FA3215-979E-4310-B1F7-CFC5B44D48FB}.Debug_Froyo|x86.Build.0 = Debug|Any CPU
		{86FA3215-979E-4310-B1F7-CFC5B44D48FB}.Debug|Any CPU.ActiveCfg = Debug|Any CPU
		{86FA3215-979E-4310-B1F7-CFC5B44D48FB}.Debug|Any CPU.Build.0 = Debug|Any CPU
		{86FA3215-979E-4310-B1F7-CFC5B44D48FB}.Debug|Mixed Platforms.ActiveCfg = Debug|Any CPU
		{86FA3215-979E-4310-B1F7-CFC5B44D48FB}.Debug|Mixed Platforms.Build.0 = Debug|Any CPU
		{86FA3215-979E-4310-B1F7-CFC5B44D48FB}.Debug|x64.ActiveCfg = Debug|Any CPU
		{86FA3215-979E-4310-B1F7-CFC5B44D48FB}.Debug|x64.Build.0 = Debug|Any CPU
		{86FA3215-979E-4310-B1F7-CFC5B44D48FB}.Debug|x86.ActiveCfg = Debug|Any CPU
		{86FA3215-979E-4310-B1F7-CFC5B44D48FB}.Debug|x86.Build.0 = Debug|Any CPU
		{86FA3215-979E-4310-B1F7-CFC5B44D48FB}.DebugMobile|Any CPU.ActiveCfg = Debug|Any CPU
		{86FA3215-979E-4310-B1F7-CFC5B44D48FB}.DebugMobile|Any CPU.Build.0 = Debug|Any CPU
		{86FA3215-979E-4310-B1F7-CFC5B44D48FB}.DebugMobile|Mixed Platforms.ActiveCfg = Debug|Any CPU
		{86FA3215-979E-4310-B1F7-CFC5B44D48FB}.DebugMobile|Mixed Platforms.Build.0 = Debug|Any CPU
		{86FA3215-979E-4310-B1F7-CFC5B44D48FB}.DebugMobile|x64.ActiveCfg = Debug|Any CPU
		{86FA3215-979E-4310-B1F7-CFC5B44D48FB}.DebugMobile|x64.Build.0 = Debug|Any CPU
		{86FA3215-979E-4310-B1F7-CFC5B44D48FB}.DebugMobile|x86.ActiveCfg = Debug|Any CPU
		{86FA3215-979E-4310-B1F7-CFC5B44D48FB}.DebugMobile|x86.Build.0 = Debug|Any CPU
		{86FA3215-979E-4310-B1F7-CFC5B44D48FB}.Demo|Any CPU.ActiveCfg = Debug|Any CPU
		{86FA3215-979E-4310-B1F7-CFC5B44D48FB}.Demo|Any CPU.Build.0 = Debug|Any CPU
		{86FA3215-979E-4310-B1F7-CFC5B44D48FB}.Demo|Mixed Platforms.ActiveCfg = Debug|Any CPU
		{86FA3215-979E-4310-B1F7-CFC5B44D48FB}.Demo|Mixed Platforms.Build.0 = Debug|Any CPU
		{86FA3215-979E-4310-B1F7-CFC5B44D48FB}.Demo|x64.ActiveCfg = Debug|Any CPU
		{86FA3215-979E-4310-B1F7-CFC5B44D48FB}.Demo|x64.Build.0 = Debug|Any CPU
		{86FA3215-979E-4310-B1F7-CFC5B44D48FB}.Demo|x86.ActiveCfg = Debug|Any CPU
		{86FA3215-979E-4310-B1F7-CFC5B44D48FB}.Demo|x86.Build.0 = Debug|Any CPU
		{86FA3215-979E-4310-B1F7-CFC5B44D48FB}.DVD-5|Any CPU.ActiveCfg = Debug|Any CPU
		{86FA3215-979E-4310-B1F7-CFC5B44D48FB}.DVD-5|Any CPU.Build.0 = Debug|Any CPU
		{86FA3215-979E-4310-B1F7-CFC5B44D48FB}.DVD-5|Mixed Platforms.ActiveCfg = Debug|Any CPU
		{86FA3215-979E-4310-B1F7-CFC5B44D48FB}.DVD-5|Mixed Platforms.Build.0 = Debug|Any CPU
		{86FA3215-979E-4310-B1F7-CFC5B44D48FB}.DVD-5|x64.ActiveCfg = Debug|Any CPU
		{86FA3215-979E-4310-B1F7-CFC5B44D48FB}.DVD-5|x64.Build.0 = Debug|Any CPU
		{86FA3215-979E-4310-B1F7-CFC5B44D48FB}.DVD-5|x86.ActiveCfg = Debug|Any CPU
		{86FA3215-979E-4310-B1F7-CFC5B44D48FB}.DVD-5|x86.Build.0 = Debug|Any CPU
		{86FA3215-979E-4310-B1F7-CFC5B44D48FB}.Release|Any CPU.ActiveCfg = Release|Any CPU
		{86FA3215-979E-4310-B1F7-CFC5B44D48FB}.Release|Any CPU.Build.0 = Release|Any CPU
		{86FA3215-979E-4310-B1F7-CFC5B44D48FB}.Release|Mixed Platforms.ActiveCfg = Release|Any CPU
		{86FA3215-979E-4310-B1F7-CFC5B44D48FB}.Release|Mixed Platforms.Build.0 = Release|Any CPU
		{86FA3215-979E-4310-B1F7-CFC5B44D48FB}.Release|x64.ActiveCfg = Release|Any CPU
		{86FA3215-979E-4310-B1F7-CFC5B44D48FB}.Release|x64.Build.0 = Release|Any CPU
		{86FA3215-979E-4310-B1F7-CFC5B44D48FB}.Release|x86.ActiveCfg = Release|Any CPU
		{86FA3215-979E-4310-B1F7-CFC5B44D48FB}.Release|x86.Build.0 = Release|Any CPU
		{86FA3215-979E-4310-B1F7-CFC5B44D48FB}.ReleaseMobile|Any CPU.ActiveCfg = Release|Any CPU
		{86FA3215-979E-4310-B1F7-CFC5B44D48FB}.ReleaseMobile|Any CPU.Build.0 = Release|Any CPU
		{86FA3215-979E-4310-B1F7-CFC5B44D48FB}.ReleaseMobile|Mixed Platforms.ActiveCfg = Release|Any CPU
		{86FA3215-979E-4310-B1F7-CFC5B44D48FB}.ReleaseMobile|Mixed Platforms.Build.0 = Release|Any CPU
		{86FA3215-979E-4310-B1F7-CFC5B44D48FB}.ReleaseMobile|x64.ActiveCfg = Release|Any CPU
		{86FA3215-979E-4310-B1F7-CFC5B44D48FB}.ReleaseMobile|x64.Build.0 = Release|Any CPU
		{86FA3215-979E-4310-B1F7-CFC5B44D48FB}.ReleaseMobile|x86.ActiveCfg = Release|Any CPU
		{86FA3215-979E-4310-B1F7-CFC5B44D48FB}.ReleaseMobile|x86.Build.0 = Release|Any CPU
		{86FA3215-979E-4310-B1F7-CFC5B44D48FB}.SingleImage|Any CPU.ActiveCfg = Debug|Any CPU
		{86FA3215-979E-4310-B1F7-CFC5B44D48FB}.SingleImage|Any CPU.Build.0 = Debug|Any CPU
		{86FA3215-979E-4310-B1F7-CFC5B44D48FB}.SingleImage|Mixed Platforms.ActiveCfg = Debug|Any CPU
		{86FA3215-979E-4310-B1F7-CFC5B44D48FB}.SingleImage|Mixed Platforms.Build.0 = Debug|Any CPU
		{86FA3215-979E-4310-B1F7-CFC5B44D48FB}.SingleImage|x64.ActiveCfg = Debug|Any CPU
		{86FA3215-979E-4310-B1F7-CFC5B44D48FB}.SingleImage|x64.Build.0 = Debug|Any CPU
		{86FA3215-979E-4310-B1F7-CFC5B44D48FB}.SingleImage|x86.ActiveCfg = Debug|Any CPU
		{86FA3215-979E-4310-B1F7-CFC5B44D48FB}.SingleImage|x86.Build.0 = Debug|Any CPU
		{FCA809BA-EE1F-458F-AD16-56C57E2A39C1}.CD_ROM|Any CPU.ActiveCfg = Debug|Any CPU
		{FCA809BA-EE1F-458F-AD16-56C57E2A39C1}.CD_ROM|Any CPU.Build.0 = Debug|Any CPU
		{FCA809BA-EE1F-458F-AD16-56C57E2A39C1}.CD_ROM|Mixed Platforms.ActiveCfg = Debug|Any CPU
		{FCA809BA-EE1F-458F-AD16-56C57E2A39C1}.CD_ROM|Mixed Platforms.Build.0 = Debug|Any CPU
		{FCA809BA-EE1F-458F-AD16-56C57E2A39C1}.CD_ROM|x64.ActiveCfg = Debug|Any CPU
		{FCA809BA-EE1F-458F-AD16-56C57E2A39C1}.CD_ROM|x64.Build.0 = Debug|Any CPU
		{FCA809BA-EE1F-458F-AD16-56C57E2A39C1}.CD_ROM|x86.ActiveCfg = Debug|Any CPU
		{FCA809BA-EE1F-458F-AD16-56C57E2A39C1}.CD_ROM|x86.Build.0 = Debug|Any CPU
		{FCA809BA-EE1F-458F-AD16-56C57E2A39C1}.Cover|Any CPU.ActiveCfg = Debug|Any CPU
		{FCA809BA-EE1F-458F-AD16-56C57E2A39C1}.Cover|Any CPU.Build.0 = Debug|Any CPU
		{FCA809BA-EE1F-458F-AD16-56C57E2A39C1}.Cover|Mixed Platforms.ActiveCfg = Debug|Any CPU
		{FCA809BA-EE1F-458F-AD16-56C57E2A39C1}.Cover|Mixed Platforms.Build.0 = Debug|Any CPU
		{FCA809BA-EE1F-458F-AD16-56C57E2A39C1}.Cover|x64.ActiveCfg = Debug|Any CPU
		{FCA809BA-EE1F-458F-AD16-56C57E2A39C1}.Cover|x64.Build.0 = Debug|Any CPU
		{FCA809BA-EE1F-458F-AD16-56C57E2A39C1}.Cover|x86.ActiveCfg = Debug|Any CPU
		{FCA809BA-EE1F-458F-AD16-56C57E2A39C1}.Cover|x86.Build.0 = Debug|Any CPU
		{FCA809BA-EE1F-458F-AD16-56C57E2A39C1}.Debug_Froyo|Any CPU.ActiveCfg = Debug|Any CPU
		{FCA809BA-EE1F-458F-AD16-56C57E2A39C1}.Debug_Froyo|Any CPU.Build.0 = Debug|Any CPU
		{FCA809BA-EE1F-458F-AD16-56C57E2A39C1}.Debug_Froyo|Mixed Platforms.ActiveCfg = Debug|Any CPU
		{FCA809BA-EE1F-458F-AD16-56C57E2A39C1}.Debug_Froyo|Mixed Platforms.Build.0 = Debug|Any CPU
		{FCA809BA-EE1F-458F-AD16-56C57E2A39C1}.Debug_Froyo|x64.ActiveCfg = Debug|Any CPU
		{FCA809BA-EE1F-458F-AD16-56C57E2A39C1}.Debug_Froyo|x64.Build.0 = Debug|Any CPU
		{FCA809BA-EE1F-458F-AD16-56C57E2A39C1}.Debug_Froyo|x86.ActiveCfg = Debug|Any CPU
		{FCA809BA-EE1F-458F-AD16-56C57E2A39C1}.Debug_Froyo|x86.Build.0 = Debug|Any CPU
		{FCA809BA-EE1F-458F-AD16-56C57E2A39C1}.Debug|Any CPU.ActiveCfg = Debug|Any CPU
		{FCA809BA-EE1F-458F-AD16-56C57E2A39C1}.Debug|Any CPU.Build.0 = Debug|Any CPU
		{FCA809BA-EE1F-458F-AD16-56C57E2A39C1}.Debug|Mixed Platforms.ActiveCfg = Debug|Any CPU
		{FCA809BA-EE1F-458F-AD16-56C57E2A39C1}.Debug|Mixed Platforms.Build.0 = Debug|Any CPU
		{FCA809BA-EE1F-458F-AD16-56C57E2A39C1}.Debug|x64.ActiveCfg = Debug|Any CPU
		{FCA809BA-EE1F-458F-AD16-56C57E2A39C1}.Debug|x64.Build.0 = Debug|Any CPU
		{FCA809BA-EE1F-458F-AD16-56C57E2A39C1}.Debug|x86.ActiveCfg = Debug|Any CPU
		{FCA809BA-EE1F-458F-AD16-56C57E2A39C1}.Debug|x86.Build.0 = Debug|Any CPU
		{FCA809BA-EE1F-458F-AD16-56C57E2A39C1}.DebugMobile|Any CPU.ActiveCfg = Debug|Any CPU
		{FCA809BA-EE1F-458F-AD16-56C57E2A39C1}.DebugMobile|Any CPU.Build.0 = Debug|Any CPU
		{FCA809BA-EE1F-458F-AD16-56C57E2A39C1}.DebugMobile|Mixed Platforms.ActiveCfg = Debug|Any CPU
		{FCA809BA-EE1F-458F-AD16-56C57E2A39C1}.DebugMobile|Mixed Platforms.Build.0 = Debug|Any CPU
		{FCA809BA-EE1F-458F-AD16-56C57E2A39C1}.DebugMobile|x64.ActiveCfg = Debug|Any CPU
		{FCA809BA-EE1F-458F-AD16-56C57E2A39C1}.DebugMobile|x64.Build.0 = Debug|Any CPU
		{FCA809BA-EE1F-458F-AD16-56C57E2A39C1}.DebugMobile|x86.ActiveCfg = Debug|Any CPU
		{FCA809BA-EE1F-458F-AD16-56C57E2A39C1}.DebugMobile|x86.Build.0 = Debug|Any CPU
		{FCA809BA-EE1F-458F-AD16-56C57E2A39C1}.Demo|Any CPU.ActiveCfg = Debug|Any CPU
		{FCA809BA-EE1F-458F-AD16-56C57E2A39C1}.Demo|Any CPU.Build.0 = Debug|Any CPU
		{FCA809BA-EE1F-458F-AD16-56C57E2A39C1}.Demo|Mixed Platforms.ActiveCfg = Debug|Any CPU
		{FCA809BA-EE1F-458F-AD16-56C57E2A39C1}.Demo|Mixed Platforms.Build.0 = Debug|Any CPU
		{FCA809BA-EE1F-458F-AD16-56C57E2A39C1}.Demo|x64.ActiveCfg = Debug|Any CPU
		{FCA809BA-EE1F-458F-AD16-56C57E2A39C1}.Demo|x64.Build.0 = Debug|Any CPU
		{FCA809BA-EE1F-458F-AD16-56C57E2A39C1}.Demo|x86.ActiveCfg = Debug|Any CPU
		{FCA809BA-EE1F-458F-AD16-56C57E2A39C1}.Demo|x86.Build.0 = Debug|Any CPU
		{FCA809BA-EE1F-458F-AD16-56C57E2A39C1}.DVD-5|Any CPU.ActiveCfg = Debug|Any CPU
		{FCA809BA-EE1F-458F-AD16-56C57E2A39C1}.DVD-5|Any CPU.Build.0 = Debug|Any CPU
		{FCA809BA-EE1F-458F-AD16-56C57E2A39C1}.DVD-5|Mixed Platforms.ActiveCfg = Debug|Any CPU
		{FCA809BA-EE1F-458F-AD16-56C57E2A39C1}.DVD-5|Mixed Platforms.Build.0 = Debug|Any CPU
		{FCA809BA-EE1F-458F-AD16-56C57E2A39C1}.DVD-5|x64.ActiveCfg = Debug|Any CPU
		{FCA809BA-EE1F-458F-AD16-56C57E2A39C1}.DVD-5|x64.Build.0 = Debug|Any CPU
		{FCA809BA-EE1F-458F-AD16-56C57E2A39C1}.DVD-5|x86.ActiveCfg = Debug|Any CPU
		{FCA809BA-EE1F-458F-AD16-56C57E2A39C1}.DVD-5|x86.Build.0 = Debug|Any CPU
		{FCA809BA-EE1F-458F-AD16-56C57E2A39C1}.Release|Any CPU.ActiveCfg = Release|Any CPU
		{FCA809BA-EE1F-458F-AD16-56C57E2A39C1}.Release|Any CPU.Build.0 = Release|Any CPU
		{FCA809BA-EE1F-458F-AD16-56C57E2A39C1}.Release|Mixed Platforms.ActiveCfg = Release|Any CPU
		{FCA809BA-EE1F-458F-AD16-56C57E2A39C1}.Release|Mixed Platforms.Build.0 = Release|Any CPU
		{FCA809BA-EE1F-458F-AD16-56C57E2A39C1}.Release|x64.ActiveCfg = Release|Any CPU
		{FCA809BA-EE1F-458F-AD16-56C57E2A39C1}.Release|x64.Build.0 = Release|Any CPU
		{FCA809BA-EE1F-458F-AD16-56C57E2A39C1}.Release|x86.ActiveCfg = Release|Any CPU
		{FCA809BA-EE1F-458F-AD16-56C57E2A39C1}.Release|x86.Build.0 = Release|Any CPU
		{FCA809BA-EE1F-458F-AD16-56C57E2A39C1}.ReleaseMobile|Any CPU.ActiveCfg = Release|Any CPU
		{FCA809BA-EE1F-458F-AD16-56C57E2A39C1}.ReleaseMobile|Any CPU.Build.0 = Release|Any CPU
		{FCA809BA-EE1F-458F-AD16-56C57E2A39C1}.ReleaseMobile|Mixed Platforms.ActiveCfg = Release|Any CPU
		{FCA809BA-EE1F-458F-AD16-56C57E2A39C1}.ReleaseMobile|Mixed Platforms.Build.0 = Release|Any CPU
		{FCA809BA-EE1F-458F-AD16-56C57E2A39C1}.ReleaseMobile|x64.ActiveCfg = Release|Any CPU
		{FCA809BA-EE1F-458F-AD16-56C57E2A39C1}.ReleaseMobile|x64.Build.0 = Release|Any CPU
		{FCA809BA-EE1F-458F-AD16-56C57E2A39C1}.ReleaseMobile|x86.ActiveCfg = Release|Any CPU
		{FCA809BA-EE1F-458F-AD16-56C57E2A39C1}.ReleaseMobile|x86.Build.0 = Release|Any CPU
		{FCA809BA-EE1F-458F-AD16-56C57E2A39C1}.SingleImage|Any CPU.ActiveCfg = Debug|Any CPU
		{FCA809BA-EE1F-458F-AD16-56C57E2A39C1}.SingleImage|Any CPU.Build.0 = Debug|Any CPU
		{FCA809BA-EE1F-458F-AD16-56C57E2A39C1}.SingleImage|Mixed Platforms.ActiveCfg = Debug|Any CPU
		{FCA809BA-EE1F-458F-AD16-56C57E2A39C1}.SingleImage|Mixed Platforms.Build.0 = Debug|Any CPU
		{FCA809BA-EE1F-458F-AD16-56C57E2A39C1}.SingleImage|x64.ActiveCfg = Debug|Any CPU
		{FCA809BA-EE1F-458F-AD16-56C57E2A39C1}.SingleImage|x64.Build.0 = Debug|Any CPU
		{FCA809BA-EE1F-458F-AD16-56C57E2A39C1}.SingleImage|x86.ActiveCfg = Debug|Any CPU
		{FCA809BA-EE1F-458F-AD16-56C57E2A39C1}.SingleImage|x86.Build.0 = Debug|Any CPU
		{FC8D80B3-5328-4757-9B8D-BAD5A127BFF7}.CD_ROM|Any CPU.ActiveCfg = Debug|Any CPU
		{FC8D80B3-5328-4757-9B8D-BAD5A127BFF7}.CD_ROM|Any CPU.Build.0 = Debug|Any CPU
		{FC8D80B3-5328-4757-9B8D-BAD5A127BFF7}.CD_ROM|Mixed Platforms.ActiveCfg = Debug|Any CPU
		{FC8D80B3-5328-4757-9B8D-BAD5A127BFF7}.CD_ROM|Mixed Platforms.Build.0 = Debug|Any CPU
		{FC8D80B3-5328-4757-9B8D-BAD5A127BFF7}.CD_ROM|x64.ActiveCfg = Debug|Any CPU
		{FC8D80B3-5328-4757-9B8D-BAD5A127BFF7}.CD_ROM|x64.Build.0 = Debug|Any CPU
		{FC8D80B3-5328-4757-9B8D-BAD5A127BFF7}.CD_ROM|x86.ActiveCfg = Debug|Any CPU
		{FC8D80B3-5328-4757-9B8D-BAD5A127BFF7}.CD_ROM|x86.Build.0 = Debug|Any CPU
		{FC8D80B3-5328-4757-9B8D-BAD5A127BFF7}.Cover|Any CPU.ActiveCfg = Debug|Any CPU
		{FC8D80B3-5328-4757-9B8D-BAD5A127BFF7}.Cover|Any CPU.Build.0 = Debug|Any CPU
		{FC8D80B3-5328-4757-9B8D-BAD5A127BFF7}.Cover|Mixed Platforms.ActiveCfg = Debug|Any CPU
		{FC8D80B3-5328-4757-9B8D-BAD5A127BFF7}.Cover|Mixed Platforms.Build.0 = Debug|Any CPU
		{FC8D80B3-5328-4757-9B8D-BAD5A127BFF7}.Cover|x64.ActiveCfg = Debug|Any CPU
		{FC8D80B3-5328-4757-9B8D-BAD5A127BFF7}.Cover|x64.Build.0 = Debug|Any CPU
		{FC8D80B3-5328-4757-9B8D-BAD5A127BFF7}.Cover|x86.ActiveCfg = Debug|Any CPU
		{FC8D80B3-5328-4757-9B8D-BAD5A127BFF7}.Cover|x86.Build.0 = Debug|Any CPU
		{FC8D80B3-5328-4757-9B8D-BAD5A127BFF7}.Debug_Froyo|Any CPU.ActiveCfg = Debug|Any CPU
		{FC8D80B3-5328-4757-9B8D-BAD5A127BFF7}.Debug_Froyo|Any CPU.Build.0 = Debug|Any CPU
		{FC8D80B3-5328-4757-9B8D-BAD5A127BFF7}.Debug_Froyo|Mixed Platforms.ActiveCfg = Debug|Any CPU
		{FC8D80B3-5328-4757-9B8D-BAD5A127BFF7}.Debug_Froyo|Mixed Platforms.Build.0 = Debug|Any CPU
		{FC8D80B3-5328-4757-9B8D-BAD5A127BFF7}.Debug_Froyo|x64.ActiveCfg = Debug|Any CPU
		{FC8D80B3-5328-4757-9B8D-BAD5A127BFF7}.Debug_Froyo|x64.Build.0 = Debug|Any CPU
		{FC8D80B3-5328-4757-9B8D-BAD5A127BFF7}.Debug_Froyo|x86.ActiveCfg = Debug|Any CPU
		{FC8D80B3-5328-4757-9B8D-BAD5A127BFF7}.Debug_Froyo|x86.Build.0 = Debug|Any CPU
		{FC8D80B3-5328-4757-9B8D-BAD5A127BFF7}.Debug|Any CPU.ActiveCfg = Debug|Any CPU
		{FC8D80B3-5328-4757-9B8D-BAD5A127BFF7}.Debug|Any CPU.Build.0 = Debug|Any CPU
		{FC8D80B3-5328-4757-9B8D-BAD5A127BFF7}.Debug|Mixed Platforms.ActiveCfg = Debug|Any CPU
		{FC8D80B3-5328-4757-9B8D-BAD5A127BFF7}.Debug|Mixed Platforms.Build.0 = Debug|Any CPU
		{FC8D80B3-5328-4757-9B8D-BAD5A127BFF7}.Debug|x64.ActiveCfg = Debug|Any CPU
		{FC8D80B3-5328-4757-9B8D-BAD5A127BFF7}.Debug|x64.Build.0 = Debug|Any CPU
		{FC8D80B3-5328-4757-9B8D-BAD5A127BFF7}.Debug|x86.ActiveCfg = Debug|Any CPU
		{FC8D80B3-5328-4757-9B8D-BAD5A127BFF7}.Debug|x86.Build.0 = Debug|Any CPU
		{FC8D80B3-5328-4757-9B8D-BAD5A127BFF7}.DebugMobile|Any CPU.ActiveCfg = Debug|Any CPU
		{FC8D80B3-5328-4757-9B8D-BAD5A127BFF7}.DebugMobile|Any CPU.Build.0 = Debug|Any CPU
		{FC8D80B3-5328-4757-9B8D-BAD5A127BFF7}.DebugMobile|Mixed Platforms.ActiveCfg = Debug|Any CPU
		{FC8D80B3-5328-4757-9B8D-BAD5A127BFF7}.DebugMobile|Mixed Platforms.Build.0 = Debug|Any CPU
		{FC8D80B3-5328-4757-9B8D-BAD5A127BFF7}.DebugMobile|x64.ActiveCfg = Debug|Any CPU
		{FC8D80B3-5328-4757-9B8D-BAD5A127BFF7}.DebugMobile|x64.Build.0 = Debug|Any CPU
		{FC8D80B3-5328-4757-9B8D-BAD5A127BFF7}.DebugMobile|x86.ActiveCfg = Debug|Any CPU
		{FC8D80B3-5328-4757-9B8D-BAD5A127BFF7}.DebugMobile|x86.Build.0 = Debug|Any CPU
		{FC8D80B3-5328-4757-9B8D-BAD5A127BFF7}.Demo|Any CPU.ActiveCfg = Debug|Any CPU
		{FC8D80B3-5328-4757-9B8D-BAD5A127BFF7}.Demo|Any CPU.Build.0 = Debug|Any CPU
		{FC8D80B3-5328-4757-9B8D-BAD5A127BFF7}.Demo|Mixed Platforms.ActiveCfg = Debug|Any CPU
		{FC8D80B3-5328-4757-9B8D-BAD5A127BFF7}.Demo|Mixed Platforms.Build.0 = Debug|Any CPU
		{FC8D80B3-5328-4757-9B8D-BAD5A127BFF7}.Demo|x64.ActiveCfg = Debug|Any CPU
		{FC8D80B3-5328-4757-9B8D-BAD5A127BFF7}.Demo|x64.Build.0 = Debug|Any CPU
		{FC8D80B3-5328-4757-9B8D-BAD5A127BFF7}.Demo|x86.ActiveCfg = Debug|Any CPU
		{FC8D80B3-5328-4757-9B8D-BAD5A127BFF7}.Demo|x86.Build.0 = Debug|Any CPU
		{FC8D80B3-5328-4757-9B8D-BAD5A127BFF7}.DVD-5|Any CPU.ActiveCfg = Debug|Any CPU
		{FC8D80B3-5328-4757-9B8D-BAD5A127BFF7}.DVD-5|Any CPU.Build.0 = Debug|Any CPU
		{FC8D80B3-5328-4757-9B8D-BAD5A127BFF7}.DVD-5|Mixed Platforms.ActiveCfg = Debug|Any CPU
		{FC8D80B3-5328-4757-9B8D-BAD5A127BFF7}.DVD-5|Mixed Platforms.Build.0 = Debug|Any CPU
		{FC8D80B3-5328-4757-9B8D-BAD5A127BFF7}.DVD-5|x64.ActiveCfg = Debug|Any CPU
		{FC8D80B3-5328-4757-9B8D-BAD5A127BFF7}.DVD-5|x64.Build.0 = Debug|Any CPU
		{FC8D80B3-5328-4757-9B8D-BAD5A127BFF7}.DVD-5|x86.ActiveCfg = Debug|Any CPU
		{FC8D80B3-5328-4757-9B8D-BAD5A127BFF7}.DVD-5|x86.Build.0 = Debug|Any CPU
		{FC8D80B3-5328-4757-9B8D-BAD5A127BFF7}.Release|Any CPU.ActiveCfg = Release|Any CPU
		{FC8D80B3-5328-4757-9B8D-BAD5A127BFF7}.Release|Any CPU.Build.0 = Release|Any CPU
		{FC8D80B3-5328-4757-9B8D-BAD5A127BFF7}.Release|Mixed Platforms.ActiveCfg = Release|Any CPU
		{FC8D80B3-5328-4757-9B8D-BAD5A127BFF7}.Release|Mixed Platforms.Build.0 = Release|Any CPU
		{FC8D80B3-5328-4757-9B8D-BAD5A127BFF7}.Release|x64.ActiveCfg = Release|Any CPU
		{FC8D80B3-5328-4757-9B8D-BAD5A127BFF7}.Release|x64.Build.0 = Release|Any CPU
		{FC8D80B3-5328-4757-9B8D-BAD5A127BFF7}.Release|x86.ActiveCfg = Release|Any CPU
		{FC8D80B3-5328-4757-9B8D-BAD5A127BFF7}.Release|x86.Build.0 = Release|Any CPU
		{FC8D80B3-5328-4757-9B8D-BAD5A127BFF7}.ReleaseMobile|Any CPU.ActiveCfg = Release|Any CPU
		{FC8D80B3-5328-4757-9B8D-BAD5A127BFF7}.ReleaseMobile|Any CPU.Build.0 = Release|Any CPU
		{FC8D80B3-5328-4757-9B8D-BAD5A127BFF7}.ReleaseMobile|Mixed Platforms.ActiveCfg = Release|Any CPU
		{FC8D80B3-5328-4757-9B8D-BAD5A127BFF7}.ReleaseMobile|Mixed Platforms.Build.0 = Release|Any CPU
		{FC8D80B3-5328-4757-9B8D-BAD5A127BFF7}.ReleaseMobile|x64.ActiveCfg = Release|Any CPU
		{FC8D80B3-5328-4757-9B8D-BAD5A127BFF7}.ReleaseMobile|x64.Build.0 = Release|Any CPU
		{FC8D80B3-5328-4757-9B8D-BAD5A127BFF7}.ReleaseMobile|x86.ActiveCfg = Release|Any CPU
		{FC8D80B3-5328-4757-9B8D-BAD5A127BFF7}.ReleaseMobile|x86.Build.0 = Release|Any CPU
		{FC8D80B3-5328-4757-9B8D-BAD5A127BFF7}.SingleImage|Any CPU.ActiveCfg = Debug|Any CPU
		{FC8D80B3-5328-4757-9B8D-BAD5A127BFF7}.SingleImage|Any CPU.Build.0 = Debug|Any CPU
		{FC8D80B3-5328-4757-9B8D-BAD5A127BFF7}.SingleImage|Mixed Platforms.ActiveCfg = Debug|Any CPU
		{FC8D80B3-5328-4757-9B8D-BAD5A127BFF7}.SingleImage|Mixed Platforms.Build.0 = Debug|Any CPU
		{FC8D80B3-5328-4757-9B8D-BAD5A127BFF7}.SingleImage|x64.ActiveCfg = Debug|Any CPU
		{FC8D80B3-5328-4757-9B8D-BAD5A127BFF7}.SingleImage|x64.Build.0 = Debug|Any CPU
		{FC8D80B3-5328-4757-9B8D-BAD5A127BFF7}.SingleImage|x86.ActiveCfg = Debug|Any CPU
		{FC8D80B3-5328-4757-9B8D-BAD5A127BFF7}.SingleImage|x86.Build.0 = Debug|Any CPU
	EndGlobalSection
	GlobalSection(SolutionProperties) = preSolution
		HideSolutionNode = FALSE
	EndGlobalSection
	GlobalSection(ExtensibilityGlobals) = postSolution
		SolutionGuid = {EF46A43F-08D5-40EC-B01A-A1FD7C8529D8}
	EndGlobalSection
EndGlobal
